
Microsoft Visual Studio Solution File, Format Version 12.00
Project("{2150E333-8FDC-42A3-9474-1A3956D46DE8}") = "applications", "applications", "{F98CD3E7-3F53-4DCB-BC35-F52FB07EB13F}"
EndProject
Project("{2150E333-8FDC-42A3-9474-1A3956D46DE8}") = "aggregator", "aggregator", "{63B35473-F3A1-49B3-B39C-ACE005CD5B25}"
EndProject
Project("{FAE04EC0-301F-11D3-BF4B-00C04F79EFBC}") = "API", "applications\aggregator\API\API.csproj", "{81E41F5D-B27B-44D5-9228-94BCA32C3892}"
	ProjectSection(ProjectDependencies) = postProject
		{ADF0FE5F-F4AA-4C3D-8550-35B1ABDDB7A3} = {ADF0FE5F-F4AA-4C3D-8550-35B1ABDDB7A3}
	EndProjectSection
EndProject
Project("{2150E333-8FDC-42A3-9474-1A3956D46DE8}") = "Solution Items", "Solution Items", "{842CDA7B-BD45-47D3-BEB9-CA80F736BFD2}"
	ProjectSection(SolutionItems) = preProject
		compose.yaml = compose.yaml
	EndProjectSection
EndProject
Project("{2150E333-8FDC-42A3-9474-1A3956D46DE8}") = "modules", "modules", "{E9050E8D-B5FC-4410-B896-926761B32EEE}"
EndProject
Project("{2150E333-8FDC-42A3-9474-1A3956D46DE8}") = "tenant", "tenant", "{12214F70-4C63-4921-BFD8-8310FD1DE66E}"
EndProject
Project("{2150E333-8FDC-42A3-9474-1A3956D46DE8}") = "manager", "manager", "{FD0EA2A4-A8EB-4EFB-BA50-E7707C159C35}"
EndProject
Project("{FAE04EC0-301F-11D3-BF4B-00C04F79EFBC}") = "Tenants", "modules\tenant\Tenants\Tenants.csproj", "{ADF0FE5F-F4AA-4C3D-8550-35B1ABDDB7A3}"
	ProjectSection(ProjectDependencies) = postProject
		{F81C7D4B-5C0A-49DC-988D-51E484639828} = {F81C7D4B-5C0A-49DC-988D-51E484639828}
	EndProjectSection
EndProject
Project("{FAE04EC0-301F-11D3-BF4B-00C04F79EFBC}") = "Tenants.Contracts", "modules\tenant\Tenants.Contracts\Tenants.Contracts.csproj", "{F60B8DF2-95F2-40E5-B546-9B8A1EA733EB}"
EndProject
Project("{FAE04EC0-301F-11D3-BF4B-00C04F79EFBC}") = "Tenants.IntegrationTests", "modules\tenant\Tenants.IntegrationTests\Tenants.IntegrationTests.csproj", "{50C442E7-333E-45FA-ACF6-FF0C2F4EE966}"
EndProject
Project("{FAE04EC0-301F-11D3-BF4B-00C04F79EFBC}") = "SharedKernel", "applications\aggregator\SharedKernel\SharedKernel.csproj", "{F81C7D4B-5C0A-49DC-988D-51E484639828}"
EndProject
Project("{FAE04EC0-301F-11D3-BF4B-00C04F79EFBC}") = "Managers", "modules\manager\Managers\Managers.csproj", "{84D485A9-DE41-4A92-A200-954434D4BCEA}"
EndProject
Project("{2150E333-8FDC-42A3-9474-1A3956D46DE8}") = "docs", "docs", "{D2B166CA-5F0C-4C57-A26F-9631BC067655}"
	ProjectSection(SolutionItems) = preProject
		README.md = README.md
	EndProjectSection
EndProject
Project("{FAE04EC0-301F-11D3-BF4B-00C04F79EFBC}") = "Managers.Contracts", "modules\manager\Managers.Contracts\Managers.Contracts.csproj", "{6506898C-B0A7-46B5-A70B-596B6BF7523B}"
EndProject
Project("{2150E333-8FDC-42A3-9474-1A3956D46DE8}") = "property", "property", "{AC43D14E-6787-44BC-93AE-F8EBB830CD1A}"
EndProject
Project("{FAE04EC0-301F-11D3-BF4B-00C04F79EFBC}") = "Properties", "modules\property\Properties\Properties.csproj", "{BA74A29A-483D-4E53-9B18-29212F9611A3}"
EndProject
Project("{FAE04EC0-301F-11D3-BF4B-00C04F79EFBC}") = "Properties.Contracts", "modules\property\Properties.Contracts\Properties.Contracts.csproj", "{9B282F41-5D78-45BF-BE86-EAFB45248D97}"
EndProject
Project("{2150E333-8FDC-42A3-9474-1A3956D46DE8}") = "lease", "lease", "{EBC9CE65-841C-40F5-9CE6-029DB41F7FF3}"
EndProject
Project("{FAE04EC0-301F-11D3-BF4B-00C04F79EFBC}") = "Leases", "modules\lease\Leases\Leases.csproj", "{0E13A5CA-7E65-4767-B3B4-38D4452F3C5B}"
EndProject
Project("{FAE04EC0-301F-11D3-BF4B-00C04F79EFBC}") = "Leases.Contracts", "modules\lease\Leases.Contracts\Leases.Contracts.csproj", "{2FB69BB1-092B-4064-A812-0224E8E7E65E}"
EndProject
Project("{2150E333-8FDC-42A3-9474-1A3956D46DE8}") = "payment", "payment", "{FCB4B3E6-D684-4F8E-85D5-889A3E2F9040}"
EndProject
Project("{FAE04EC0-301F-11D3-BF4B-00C04F79EFBC}") = "Payments", "modules\payment\Payments\Payments.csproj", "{EAA85917-95DD-4CF2-B50F-927A6972D2AF}"
EndProject
Project("{FAE04EC0-301F-11D3-BF4B-00C04F79EFBC}") = "Payments.Contracts", "modules\payment\Payments.Contracts\Payments.Contracts.csproj", "{1AD9D75F-994B-4E6D-ABE4-4C86ABC91094}"
EndProject
Project("{2150E333-8FDC-42A3-9474-1A3956D46DE8}") = "application", "application", "{7F2AA387-9594-494A-92F6-7F178C89C82D}"
EndProject
Project("{FAE04EC0-301F-11D3-BF4B-00C04F79EFBC}") = "Applications", "modules\application\Applications\Applications.csproj", "{41EC812B-1102-4247-9841-8A86AA48638F}"
EndProject
Project("{FAE04EC0-301F-11D3-BF4B-00C04F79EFBC}") = "Applications.Contracts", "modules\application\Applications.Contracts\Applications.Contracts.csproj", "{18F1FEBD-26A3-4AEB-B460-2784BD2D9D89}"
EndProject
Project("{FAE04EC0-301F-11D3-BF4B-00C04F79EFBC}") = "SharedContracts", "applications\aggregator\SharedContracts\SharedContracts.csproj", "{D679E40A-79D5-40B2-A236-2BBE6101CC53}"
EndProject
Global
	GlobalSection(SolutionConfigurationPlatforms) = preSolution
		Debug|Any CPU = Debug|Any CPU
		Release|Any CPU = Release|Any CPU
	EndGlobalSection
	GlobalSection(NestedProjects) = preSolution
		{63B35473-F3A1-49B3-B39C-ACE005CD5B25} = {F98CD3E7-3F53-4DCB-BC35-F52FB07EB13F}
		{81E41F5D-B27B-44D5-9228-94BCA32C3892} = {63B35473-F3A1-49B3-B39C-ACE005CD5B25}
		{12214F70-4C63-4921-BFD8-8310FD1DE66E} = {E9050E8D-B5FC-4410-B896-926761B32EEE}
		{FD0EA2A4-A8EB-4EFB-BA50-E7707C159C35} = {E9050E8D-B5FC-4410-B896-926761B32EEE}
		{ADF0FE5F-F4AA-4C3D-8550-35B1ABDDB7A3} = {12214F70-4C63-4921-BFD8-8310FD1DE66E}
		{F60B8DF2-95F2-40E5-B546-9B8A1EA733EB} = {12214F70-4C63-4921-BFD8-8310FD1DE66E}
		{50C442E7-333E-45FA-ACF6-FF0C2F4EE966} = {12214F70-4C63-4921-BFD8-8310FD1DE66E}
		{F81C7D4B-5C0A-49DC-988D-51E484639828} = {63B35473-F3A1-49B3-B39C-ACE005CD5B25}
		{84D485A9-DE41-4A92-A200-954434D4BCEA} = {FD0EA2A4-A8EB-4EFB-BA50-E7707C159C35}
		{6506898C-B0A7-46B5-A70B-596B6BF7523B} = {FD0EA2A4-A8EB-4EFB-BA50-E7707C159C35}
		{AC43D14E-6787-44BC-93AE-F8EBB830CD1A} = {E9050E8D-B5FC-4410-B896-926761B32EEE}
		{BA74A29A-483D-4E53-9B18-29212F9611A3} = {AC43D14E-6787-44BC-93AE-F8EBB830CD1A}
		{9B282F41-5D78-45BF-BE86-EAFB45248D97} = {AC43D14E-6787-44BC-93AE-F8EBB830CD1A}
		{EBC9CE65-841C-40F5-9CE6-029DB41F7FF3} = {E9050E8D-B5FC-4410-B896-926761B32EEE}
		{0E13A5CA-7E65-4767-B3B4-38D4452F3C5B} = {EBC9CE65-841C-40F5-9CE6-029DB41F7FF3}
		{2FB69BB1-092B-4064-A812-0224E8E7E65E} = {EBC9CE65-841C-40F5-9CE6-029DB41F7FF3}
		{FCB4B3E6-D684-4F8E-85D5-889A3E2F9040} = {E9050E8D-B5FC-4410-B896-926761B32EEE}
		{EAA85917-95DD-4CF2-B50F-927A6972D2AF} = {FCB4B3E6-D684-4F8E-85D5-889A3E2F9040}
		{1AD9D75F-994B-4E6D-ABE4-4C86ABC91094} = {FCB4B3E6-D684-4F8E-85D5-889A3E2F9040}
		{7F2AA387-9594-494A-92F6-7F178C89C82D} = {E9050E8D-B5FC-4410-B896-926761B32EEE}
		{41EC812B-1102-4247-9841-8A86AA48638F} = {7F2AA387-9594-494A-92F6-7F178C89C82D}
		{18F1FEBD-26A3-4AEB-B460-2784BD2D9D89} = {7F2AA387-9594-494A-92F6-7F178C89C82D}
		{D679E40A-79D5-40B2-A236-2BBE6101CC53} = {63B35473-F3A1-49B3-B39C-ACE005CD5B25}
	EndGlobalSection
	GlobalSection(ProjectConfigurationPlatforms) = postSolution
		{81E41F5D-B27B-44D5-9228-94BCA32C3892}.Debug|Any CPU.ActiveCfg = Debug|Any CPU
		{81E41F5D-B27B-44D5-9228-94BCA32C3892}.Debug|Any CPU.Build.0 = Debug|Any CPU
		{81E41F5D-B27B-44D5-9228-94BCA32C3892}.Release|Any CPU.ActiveCfg = Release|Any CPU
		{81E41F5D-B27B-44D5-9228-94BCA32C3892}.Release|Any CPU.Build.0 = Release|Any CPU
		{ADF0FE5F-F4AA-4C3D-8550-35B1ABDDB7A3}.Debug|Any CPU.ActiveCfg = Debug|Any CPU
		{ADF0FE5F-F4AA-4C3D-8550-35B1ABDDB7A3}.Debug|Any CPU.Build.0 = Debug|Any CPU
		{ADF0FE5F-F4AA-4C3D-8550-35B1ABDDB7A3}.Release|Any CPU.ActiveCfg = Release|Any CPU
		{ADF0FE5F-F4AA-4C3D-8550-35B1ABDDB7A3}.Release|Any CPU.Build.0 = Release|Any CPU
		{F60B8DF2-95F2-40E5-B546-9B8A1EA733EB}.Debug|Any CPU.ActiveCfg = Debug|Any CPU
		{F60B8DF2-95F2-40E5-B546-9B8A1EA733EB}.Debug|Any CPU.Build.0 = Debug|Any CPU
		{F60B8DF2-95F2-40E5-B546-9B8A1EA733EB}.Release|Any CPU.ActiveCfg = Release|Any CPU
		{F60B8DF2-95F2-40E5-B546-9B8A1EA733EB}.Release|Any CPU.Build.0 = Release|Any CPU
		{50C442E7-333E-45FA-ACF6-FF0C2F4EE966}.Debug|Any CPU.ActiveCfg = Debug|Any CPU
		{50C442E7-333E-45FA-ACF6-FF0C2F4EE966}.Debug|Any CPU.Build.0 = Debug|Any CPU
		{50C442E7-333E-45FA-ACF6-FF0C2F4EE966}.Release|Any CPU.ActiveCfg = Release|Any CPU
		{50C442E7-333E-45FA-ACF6-FF0C2F4EE966}.Release|Any CPU.Build.0 = Release|Any CPU
		{F81C7D4B-5C0A-49DC-988D-51E484639828}.Debug|Any CPU.ActiveCfg = Debug|Any CPU
		{F81C7D4B-5C0A-49DC-988D-51E484639828}.Debug|Any CPU.Build.0 = Debug|Any CPU
		{F81C7D4B-5C0A-49DC-988D-51E484639828}.Release|Any CPU.ActiveCfg = Release|Any CPU
		{F81C7D4B-5C0A-49DC-988D-51E484639828}.Release|Any CPU.Build.0 = Release|Any CPU
		{84D485A9-DE41-4A92-A200-954434D4BCEA}.Debug|Any CPU.ActiveCfg = Debug|Any CPU
		{84D485A9-DE41-4A92-A200-954434D4BCEA}.Debug|Any CPU.Build.0 = Debug|Any CPU
		{84D485A9-DE41-4A92-A200-954434D4BCEA}.Release|Any CPU.ActiveCfg = Release|Any CPU
		{84D485A9-DE41-4A92-A200-954434D4BCEA}.Release|Any CPU.Build.0 = Release|Any CPU
		{6506898C-B0A7-46B5-A70B-596B6BF7523B}.Debug|Any CPU.ActiveCfg = Debug|Any CPU
		{6506898C-B0A7-46B5-A70B-596B6BF7523B}.Debug|Any CPU.Build.0 = Debug|Any CPU
		{6506898C-B0A7-46B5-A70B-596B6BF7523B}.Release|Any CPU.ActiveCfg = Release|Any CPU
		{6506898C-B0A7-46B5-A70B-596B6BF7523B}.Release|Any CPU.Build.0 = Release|Any CPU
		{BA74A29A-483D-4E53-9B18-29212F9611A3}.Debug|Any CPU.ActiveCfg = Debug|Any CPU
		{BA74A29A-483D-4E53-9B18-29212F9611A3}.Debug|Any CPU.Build.0 = Debug|Any CPU
		{BA74A29A-483D-4E53-9B18-29212F9611A3}.Release|Any CPU.ActiveCfg = Release|Any CPU
		{BA74A29A-483D-4E53-9B18-29212F9611A3}.Release|Any CPU.Build.0 = Release|Any CPU
		{9B282F41-5D78-45BF-BE86-EAFB45248D97}.Debug|Any CPU.ActiveCfg = Debug|Any CPU
		{9B282F41-5D78-45BF-BE86-EAFB45248D97}.Debug|Any CPU.Build.0 = Debug|Any CPU
		{9B282F41-5D78-45BF-BE86-EAFB45248D97}.Release|Any CPU.ActiveCfg = Release|Any CPU
		{9B282F41-5D78-45BF-BE86-EAFB45248D97}.Release|Any CPU.Build.0 = Release|Any CPU
		{0E13A5CA-7E65-4767-B3B4-38D4452F3C5B}.Debug|Any CPU.ActiveCfg = Debug|Any CPU
		{0E13A5CA-7E65-4767-B3B4-38D4452F3C5B}.Debug|Any CPU.Build.0 = Debug|Any CPU
		{0E13A5CA-7E65-4767-B3B4-38D4452F3C5B}.Release|Any CPU.ActiveCfg = Release|Any CPU
		{0E13A5CA-7E65-4767-B3B4-38D4452F3C5B}.Release|Any CPU.Build.0 = Release|Any CPU
		{2FB69BB1-092B-4064-A812-0224E8E7E65E}.Debug|Any CPU.ActiveCfg = Debug|Any CPU
		{2FB69BB1-092B-4064-A812-0224E8E7E65E}.Debug|Any CPU.Build.0 = Debug|Any CPU
		{2FB69BB1-092B-4064-A812-0224E8E7E65E}.Release|Any CPU.ActiveCfg = Release|Any CPU
		{2FB69BB1-092B-4064-A812-0224E8E7E65E}.Release|Any CPU.Build.0 = Release|Any CPU
		{EAA85917-95DD-4CF2-B50F-927A6972D2AF}.Debug|Any CPU.ActiveCfg = Debug|Any CPU
		{EAA85917-95DD-4CF2-B50F-927A6972D2AF}.Debug|Any CPU.Build.0 = Debug|Any CPU
		{EAA85917-95DD-4CF2-B50F-927A6972D2AF}.Release|Any CPU.ActiveCfg = Release|Any CPU
		{EAA85917-95DD-4CF2-B50F-927A6972D2AF}.Release|Any CPU.Build.0 = Release|Any CPU
		{1AD9D75F-994B-4E6D-ABE4-4C86ABC91094}.Debug|Any CPU.ActiveCfg = Debug|Any CPU
		{1AD9D75F-994B-4E6D-ABE4-4C86ABC91094}.Debug|Any CPU.Build.0 = Debug|Any CPU
		{1AD9D75F-994B-4E6D-ABE4-4C86ABC91094}.Release|Any CPU.ActiveCfg = Release|Any CPU
		{1AD9D75F-994B-4E6D-ABE4-4C86ABC91094}.Release|Any CPU.Build.0 = Release|Any CPU
		{41EC812B-1102-4247-9841-8A86AA48638F}.Debug|Any CPU.ActiveCfg = Debug|Any CPU
		{41EC812B-1102-4247-9841-8A86AA48638F}.Debug|Any CPU.Build.0 = Debug|Any CPU
		{41EC812B-1102-4247-9841-8A86AA48638F}.Release|Any CPU.ActiveCfg = Release|Any CPU
		{41EC812B-1102-4247-9841-8A86AA48638F}.Release|Any CPU.Build.0 = Release|Any CPU
		{18F1FEBD-26A3-4AEB-B460-2784BD2D9D89}.Debug|Any CPU.ActiveCfg = Debug|Any CPU
		{18F1FEBD-26A3-4AEB-B460-2784BD2D9D89}.Debug|Any CPU.Build.0 = Debug|Any CPU
		{18F1FEBD-26A3-4AEB-B460-2784BD2D9D89}.Release|Any CPU.ActiveCfg = Release|Any CPU
		{18F1FEBD-26A3-4AEB-B460-2784BD2D9D89}.Release|Any CPU.Build.0 = Release|Any CPU
		{D679E40A-79D5-40B2-A236-2BBE6101CC53}.Debug|Any CPU.ActiveCfg = Debug|Any CPU
		{D679E40A-79D5-40B2-A236-2BBE6101CC53}.Debug|Any CPU.Build.0 = Debug|Any CPU
		{D679E40A-79D5-40B2-A236-2BBE6101CC53}.Release|Any CPU.ActiveCfg = Release|Any CPU
		{D679E40A-79D5-40B2-A236-2BBE6101CC53}.Release|Any CPU.Build.0 = Release|Any CPU
	EndGlobalSection
EndGlobal
